{
  "name": "jspackagefornode",
  "version": "1.0.0",
  "lockfileVersion": 1,
  "requires": true,
  "dependencies": {
    "@aaogoltcov/jsbrowsernodepackage": {
      "version": "1.0.0",
      "resolved": "https://npm.pkg.github.com/download/@aaogoltcov/jsbrowsernodepackage/1.0.0/8a907b16f85b50ba0447d084e31cf7599a09259e9502fc40e9764c96c6bd9845",
      "integrity": "sha512-roje5SaPCSIt1fDlmyQUa5sa1Bt5P+NaHNLESN74RaftfadFrnsc7nrYw9oGezfjRhIdJ+rFc6ouBekTS429sQ=="
    }
  }
}
